
Microsoft Visual Studio Solution File, Format Version 12.00
# Visual Studio 15
VisualStudioVersion = 15.0.27703.2047
MinimumVisualStudioVersion = 10.0.40219.1
Project("{FAE04EC0-301F-11D3-BF4B-00C04F79EFBC}") = "TicTacToe", "TicTacToe\TicTacToe.csproj", "{A6FC8762-3E38-494B-A5E7-B01EEE2E11DB}"
EndProject
Global
	GlobalSection(SolutionConfigurationPlatforms) = preSolution
		Debug|Any CPU = Debug|Any CPU
		Release|Any CPU = Release|Any CPU
	EndGlobalSection
	GlobalSection(ProjectConfigurationPlatforms) = postSolution
		{A6FC8762-3E38-494B-A5E7-B01EEE2E11DB}.Debug|Any CPU.ActiveCfg = Debug|Any CPU
		{A6FC8762-3E38-494B-A5E7-B01EEE2E11DB}.Debug|Any CPU.Build.0 = Debug|Any CPU
		{A6FC8762-3E38-494B-A5E7-B01EEE2E11DB}.Release|Any CPU.ActiveCfg = Release|Any CPU
		{A6FC8762-3E38-494B-A5E7-B01EEE2E11DB}.Release|Any CPU.Build.0 = Release|Any CPU
	EndGlobalSection
	GlobalSection(SolutionProperties) = preSolution
		HideSolutionNode = FALSE
	EndGlobalSection
	GlobalSection(ExtensibilityGlobals) = postSolution
		SolutionGuid = {E71F6102-0A87-481E-9E12-C0820EEB4DFC}
	EndGlobalSection
EndGlobal
